
Microsoft Visual Studio Solution File, Format Version 12.00
# Visual Studio Version 17
VisualStudioVersion = 17.2.32630.192
MinimumVisualStudioVersion = 10.0.40219.1
Project("{FAE04EC0-301F-11D3-BF4B-00C04F79EFBC}") = "Surny", "Surny\Surny.csproj", "{62191507-32E7-4D7F-89AA-2FD1C83DE7E7}"
EndProject
Global
	GlobalSection(SolutionConfigurationPlatforms) = preSolution
		Debug|Any CPU = Debug|Any CPU
		Release|Any CPU = Release|Any CPU
	EndGlobalSection
	GlobalSection(ProjectConfigurationPlatforms) = postSolution
		{62191507-32E7-4D7F-89AA-2FD1C83DE7E7}.Debug|Any CPU.ActiveCfg = Debug|Any CPU
		{62191507-32E7-4D7F-89AA-2FD1C83DE7E7}.Debug|Any CPU.Build.0 = Debug|Any CPU
		{62191507-32E7-4D7F-89AA-2FD1C83DE7E7}.Release|Any CPU.ActiveCfg = Release|Any CPU
		{62191507-32E7-4D7F-89AA-2FD1C83DE7E7}.Release|Any CPU.Build.0 = Release|Any CPU
	EndGlobalSection
	GlobalSection(SolutionProperties) = preSolution
		HideSolutionNode = FALSE
	EndGlobalSection
	GlobalSection(ExtensibilityGlobals) = postSolution
		SolutionGuid = {6BA95E1D-B13B-44D6-8587-43743107DA6A}
	EndGlobalSection
EndGlobal
