
Microsoft Visual Studio Solution File, Format Version 12.00
# Visual Studio Version 17
VisualStudioVersion = 17.2.32630.192
MinimumVisualStudioVersion = 10.0.40219.1
Project("{FAE04EC0-301F-11D3-BF4B-00C04F79EFBC}") = "Grid", "Grid\Grid.csproj", "{04B4FDF0-5C29-41A3-9A49-63717BB4FB76}"
EndProject
Global
	GlobalSection(SolutionConfigurationPlatforms) = preSolution
		Debug|Any CPU = Debug|Any CPU
		Release|Any CPU = Release|Any CPU
	EndGlobalSection
	GlobalSection(ProjectConfigurationPlatforms) = postSolution
		{04B4FDF0-5C29-41A3-9A49-63717BB4FB76}.Debug|Any CPU.ActiveCfg = Debug|Any CPU
		{04B4FDF0-5C29-41A3-9A49-63717BB4FB76}.Debug|Any CPU.Build.0 = Debug|Any CPU
		{04B4FDF0-5C29-41A3-9A49-63717BB4FB76}.Release|Any CPU.ActiveCfg = Release|Any CPU
		{04B4FDF0-5C29-41A3-9A49-63717BB4FB76}.Release|Any CPU.Build.0 = Release|Any CPU
	EndGlobalSection
	GlobalSection(SolutionProperties) = preSolution
		HideSolutionNode = FALSE
	EndGlobalSection
	GlobalSection(ExtensibilityGlobals) = postSolution
		SolutionGuid = {A4758984-7A05-4612-8F31-CE235F1A060D}
	EndGlobalSection
EndGlobal
