
Microsoft Visual Studio Solution File, Format Version 12.00
# Visual Studio Version 17
VisualStudioVersion = 17.2.32630.192
MinimumVisualStudioVersion = 10.0.40219.1
Project("{FAE04EC0-301F-11D3-BF4B-00C04F79EFBC}") = "ConsoleArt", "ConsoleArt\ConsoleArt.csproj", "{0AFF1C55-9CB4-448E-84C6-FC534F9CDB0E}"
EndProject
Global
	GlobalSection(SolutionConfigurationPlatforms) = preSolution
		Debug|Any CPU = Debug|Any CPU
		Release|Any CPU = Release|Any CPU
	EndGlobalSection
	GlobalSection(ProjectConfigurationPlatforms) = postSolution
		{0AFF1C55-9CB4-448E-84C6-FC534F9CDB0E}.Debug|Any CPU.ActiveCfg = Debug|Any CPU
		{0AFF1C55-9CB4-448E-84C6-FC534F9CDB0E}.Debug|Any CPU.Build.0 = Debug|Any CPU
		{0AFF1C55-9CB4-448E-84C6-FC534F9CDB0E}.Release|Any CPU.ActiveCfg = Release|Any CPU
		{0AFF1C55-9CB4-448E-84C6-FC534F9CDB0E}.Release|Any CPU.Build.0 = Release|Any CPU
	EndGlobalSection
	GlobalSection(SolutionProperties) = preSolution
		HideSolutionNode = FALSE
	EndGlobalSection
	GlobalSection(ExtensibilityGlobals) = postSolution
		SolutionGuid = {5D9BFC39-7A5D-45E3-A346-7143B4F00B10}
	EndGlobalSection
EndGlobal
